
Microsoft Visual Studio Solution File, Format Version 12.00
# Visual Studio Version 17
VisualStudioVersion = 17.11.35222.181
MinimumVisualStudioVersion = 10.0.40219.1
Project("{FAE04EC0-301F-11D3-BF4B-00C04F79EFBC}") = "Workshop Calculator", "Workshop Calculator.csproj", "{D1D000D3-B005-4EEE-90BE-8860F1485B9D}"
EndProject
Global
	GlobalSection(SolutionConfigurationPlatforms) = preSolution
		Debug|Any CPU = Debug|Any CPU
		Release|Any CPU = Release|Any CPU
	EndGlobalSection
	GlobalSection(ProjectConfigurationPlatforms) = postSolution
		{D1D000D3-B005-4EEE-90BE-8860F1485B9D}.Debug|Any CPU.ActiveCfg = Debug|Any CPU
		{D1D000D3-B005-4EEE-90BE-8860F1485B9D}.Debug|Any CPU.Build.0 = Debug|Any CPU
		{D1D000D3-B005-4EEE-90BE-8860F1485B9D}.Release|Any CPU.ActiveCfg = Release|Any CPU
		{D1D000D3-B005-4EEE-90BE-8860F1485B9D}.Release|Any CPU.Build.0 = Release|Any CPU
	EndGlobalSection
	GlobalSection(SolutionProperties) = preSolution
		HideSolutionNode = FALSE
	EndGlobalSection
	GlobalSection(ExtensibilityGlobals) = postSolution
		SolutionGuid = {678F174C-47B5-455C-ADB5-35D12FADDB32}
	EndGlobalSection
EndGlobal
